// !$*UTF8*$!
{
	archiveVersion = 1;
	classes = {
	};
	objectVersion = 55;
	objects = {

/* Begin PBXBuildFile section */
		FD1204B628B6318F006AE0EE /* ProfileTableHederView.swift in Sources */ = {isa = PBXBuildFile; fileRef = FD1204B528B6318F006AE0EE /* ProfileTableHederView.swift */; };
		FD1204B828B6320C006AE0EE /* ProfileViewController.swift in Sources */ = {isa = PBXBuildFile; fileRef = FD1204B728B6320C006AE0EE /* ProfileViewController.swift */; };
		FD16BA5828ECC2E90086D211 /* PhotosViewController.swift in Sources */ = {isa = PBXBuildFile; fileRef = FD16BA5728ECC2E90086D211 /* PhotosViewController.swift */; };
		FD37152728C752B800616C30 /* LogInViewController.swift in Sources */ = {isa = PBXBuildFile; fileRef = FD37152628C752B800616C30 /* LogInViewController.swift */; };
		FD75978529184208003C6EE8 /* StorageService.docc in Sources */ = {isa = PBXBuildFile; fileRef = FD75978429184208003C6EE8 /* StorageService.docc */; };
		FD75979329184208003C6EE8 /* StorageService.h in Headers */ = {isa = PBXBuildFile; fileRef = FD75978329184208003C6EE8 /* StorageService.h */; settings = {ATTRIBUTES = (Public, ); }; };
		FD75979629184208003C6EE8 /* StorageService.framework in Frameworks */ = {isa = PBXBuildFile; fileRef = FD75978129184207003C6EE8 /* StorageService.framework */; };
		FD75979729184208003C6EE8 /* StorageService.framework in Embed Frameworks */ = {isa = PBXBuildFile; fileRef = FD75978129184207003C6EE8 /* StorageService.framework */; settings = {ATTRIBUTES = (CodeSignOnCopy, RemoveHeadersOnCopy, ); }; };
		FD7597A0291842F9003C6EE8 /* Post.swift in Sources */ = {isa = PBXBuildFile; fileRef = FD75979F291842F9003C6EE8 /* Post.swift */; };
		FD863E4228AE666000475D1C /* InfoViewController.swift in Sources */ = {isa = PBXBuildFile; fileRef = FD863E4128AE666000475D1C /* InfoViewController.swift */; };
		FD8F446228ABBF27003041D1 /* FeedViewController.swift in Sources */ = {isa = PBXBuildFile; fileRef = FD8F446128ABBF27003041D1 /* FeedViewController.swift */; };
		FD8F446428ABC35A003041D1 /* PostViewController.swift in Sources */ = {isa = PBXBuildFile; fileRef = FD8F446328ABC35A003041D1 /* PostViewController.swift */; };
		FD9536142927D8F100124C16 /* UserModel.swift in Sources */ = {isa = PBXBuildFile; fileRef = FD9536132927D8F100124C16 /* UserModel.swift */; };
		FD9536162927DA6E00124C16 /* UserService.swift in Sources */ = {isa = PBXBuildFile; fileRef = FD9536152927DA6E00124C16 /* UserService.swift */; };
		FDB41F8628EF2E390071B88D /* CustomPhotoCell.swift in Sources */ = {isa = PBXBuildFile; fileRef = FDB41F8528EF2E390071B88D /* CustomPhotoCell.swift */; };
		FDC74F24289E8C6A0009604F /* AppDelegate.swift in Sources */ = {isa = PBXBuildFile; fileRef = FDC74F23289E8C6A0009604F /* AppDelegate.swift */; };
		FDC74F26289E8C6A0009604F /* SceneDelegate.swift in Sources */ = {isa = PBXBuildFile; fileRef = FDC74F25289E8C6A0009604F /* SceneDelegate.swift */; };
		FDC74F28289E8C6A0009604F /* ViewController.swift in Sources */ = {isa = PBXBuildFile; fileRef = FDC74F27289E8C6A0009604F /* ViewController.swift */; };
		FDC74F2D289E8C730009604F /* Assets.xcassets in Resources */ = {isa = PBXBuildFile; fileRef = FDC74F2C289E8C730009604F /* Assets.xcassets */; };
		FDC74F30289E8C730009604F /* LaunchScreen.storyboard in Resources */ = {isa = PBXBuildFile; fileRef = FDC74F2E289E8C730009604F /* LaunchScreen.storyboard */; };
		FDD9828828CB34E30076D9B5 /* PostTableViewCell.swift in Sources */ = {isa = PBXBuildFile; fileRef = FDD9828728CB34E30076D9B5 /* PostTableViewCell.swift */; };
		FDFA765B28E894C000BA8CF8 /* PhotosTableViewCell.swift in Sources */ = {isa = PBXBuildFile; fileRef = FDFA765A28E894C000BA8CF8 /* PhotosTableViewCell.swift */; };
/* End PBXBuildFile section */

/* Begin PBXContainerItemProxy section */
		FD75979429184208003C6EE8 /* PBXContainerItemProxy */ = {
			isa = PBXContainerItemProxy;
			containerPortal = FDC74F18289E8C6A0009604F /* Project object */;
			proxyType = 1;
			remoteGlobalIDString = FD75978029184207003C6EE8;
			remoteInfo = StorageService;
		};
/* End PBXContainerItemProxy section */

/* Begin PBXCopyFilesBuildPhase section */
		FD75979829184208003C6EE8 /* Embed Frameworks */ = {
			isa = PBXCopyFilesBuildPhase;
			buildActionMask = 2147483647;
			dstPath = "";
			dstSubfolderSpec = 10;
			files = (
				FD75979729184208003C6EE8 /* StorageService.framework in Embed Frameworks */,
			);
			name = "Embed Frameworks";
			runOnlyForDeploymentPostprocessing = 0;
		};
/* End PBXCopyFilesBuildPhase section */

/* Begin PBXFileReference section */
		FD1204B528B6318F006AE0EE /* ProfileTableHederView.swift */ = {isa = PBXFileReference; lastKnownFileType = sourcecode.swift; path = ProfileTableHederView.swift; sourceTree = "<group>"; };
		FD1204B728B6320C006AE0EE /* ProfileViewController.swift */ = {isa = PBXFileReference; lastKnownFileType = sourcecode.swift; path = ProfileViewController.swift; sourceTree = "<group>"; };
		FD16BA5728ECC2E90086D211 /* PhotosViewController.swift */ = {isa = PBXFileReference; lastKnownFileType = sourcecode.swift; path = PhotosViewController.swift; sourceTree = "<group>"; };
		FD37152628C752B800616C30 /* LogInViewController.swift */ = {isa = PBXFileReference; lastKnownFileType = sourcecode.swift; path = LogInViewController.swift; sourceTree = "<group>"; };
		FD75978129184207003C6EE8 /* StorageService.framework */ = {isa = PBXFileReference; explicitFileType = wrapper.framework; includeInIndex = 0; path = StorageService.framework; sourceTree = BUILT_PRODUCTS_DIR; };
		FD75978329184208003C6EE8 /* StorageService.h */ = {isa = PBXFileReference; lastKnownFileType = sourcecode.c.h; path = StorageService.h; sourceTree = "<group>"; };
		FD75978429184208003C6EE8 /* StorageService.docc */ = {isa = PBXFileReference; lastKnownFileType = folder.documentationcatalog; path = StorageService.docc; sourceTree = "<group>"; };
		FD75979F291842F9003C6EE8 /* Post.swift */ = {isa = PBXFileReference; lastKnownFileType = sourcecode.swift; path = Post.swift; sourceTree = "<group>"; };
		FD863E4128AE666000475D1C /* InfoViewController.swift */ = {isa = PBXFileReference; lastKnownFileType = sourcecode.swift; path = InfoViewController.swift; sourceTree = "<group>"; };
		FD8F446128ABBF27003041D1 /* FeedViewController.swift */ = {isa = PBXFileReference; lastKnownFileType = sourcecode.swift; path = FeedViewController.swift; sourceTree = "<group>"; };
		FD8F446328ABC35A003041D1 /* PostViewController.swift */ = {isa = PBXFileReference; lastKnownFileType = sourcecode.swift; path = PostViewController.swift; sourceTree = "<group>"; };
		FD9536132927D8F100124C16 /* UserModel.swift */ = {isa = PBXFileReference; lastKnownFileType = sourcecode.swift; path = UserModel.swift; sourceTree = "<group>"; };
		FD9536152927DA6E00124C16 /* UserService.swift */ = {isa = PBXFileReference; lastKnownFileType = sourcecode.swift; path = UserService.swift; sourceTree = "<group>"; };
		FDB41F8528EF2E390071B88D /* CustomPhotoCell.swift */ = {isa = PBXFileReference; lastKnownFileType = sourcecode.swift; path = CustomPhotoCell.swift; sourceTree = "<group>"; };
		FDC74F20289E8C6A0009604F /* Navigation.app */ = {isa = PBXFileReference; explicitFileType = wrapper.application; includeInIndex = 0; path = Navigation.app; sourceTree = BUILT_PRODUCTS_DIR; };
		FDC74F23289E8C6A0009604F /* AppDelegate.swift */ = {isa = PBXFileReference; lastKnownFileType = sourcecode.swift; path = AppDelegate.swift; sourceTree = "<group>"; };
		FDC74F25289E8C6A0009604F /* SceneDelegate.swift */ = {isa = PBXFileReference; lastKnownFileType = sourcecode.swift; path = SceneDelegate.swift; sourceTree = "<group>"; };
		FDC74F27289E8C6A0009604F /* ViewController.swift */ = {isa = PBXFileReference; lastKnownFileType = sourcecode.swift; path = ViewController.swift; sourceTree = "<group>"; };
		FDC74F2C289E8C730009604F /* Assets.xcassets */ = {isa = PBXFileReference; lastKnownFileType = folder.assetcatalog; path = Assets.xcassets; sourceTree = "<group>"; };
		FDC74F2F289E8C730009604F /* Base */ = {isa = PBXFileReference; lastKnownFileType = file.storyboard; name = Base; path = Base.lproj/LaunchScreen.storyboard; sourceTree = "<group>"; };
		FDC74F31289E8C730009604F /* Info.plist */ = {isa = PBXFileReference; lastKnownFileType = text.plist.xml; path = Info.plist; sourceTree = "<group>"; };
		FDD9828728CB34E30076D9B5 /* PostTableViewCell.swift */ = {isa = PBXFileReference; lastKnownFileType = sourcecode.swift; path = PostTableViewCell.swift; sourceTree = "<group>"; };
		FDFA765A28E894C000BA8CF8 /* PhotosTableViewCell.swift */ = {isa = PBXFileReference; lastKnownFileType = sourcecode.swift; path = PhotosTableViewCell.swift; sourceTree = "<group>"; };
/* End PBXFileReference section */

/* Begin PBXFrameworksBuildPhase section */
		FD75977E29184207003C6EE8 /* Frameworks */ = {
			isa = PBXFrameworksBuildPhase;
			buildActionMask = 2147483647;
			files = (
			);
			runOnlyForDeploymentPostprocessing = 0;
		};
		FDC74F1D289E8C6A0009604F /* Frameworks */ = {
			isa = PBXFrameworksBuildPhase;
			buildActionMask = 2147483647;
			files = (
				FD75979629184208003C6EE8 /* StorageService.framework in Frameworks */,
			);
			runOnlyForDeploymentPostprocessing = 0;
		};
/* End PBXFrameworksBuildPhase section */

/* Begin PBXGroup section */
		FD1204B428B63169006AE0EE /* Profile */ = {
			isa = PBXGroup;
			children = (
				FD1204B528B6318F006AE0EE /* ProfileTableHederView.swift */,
				FD37152628C752B800616C30 /* LogInViewController.swift */,
				FD1204B728B6320C006AE0EE /* ProfileViewController.swift */,
				FD16BA5728ECC2E90086D211 /* PhotosViewController.swift */,
				FDB41F8528EF2E390071B88D /* CustomPhotoCell.swift */,
				FDD9828728CB34E30076D9B5 /* PostTableViewCell.swift */,
				FDFA765A28E894C000BA8CF8 /* PhotosTableViewCell.swift */,
			);
			path = Profile;
			sourceTree = "<group>";
		};
		FD75978229184207003C6EE8 /* StorageService */ = {
			isa = PBXGroup;
			children = (
				FD75978329184208003C6EE8 /* StorageService.h */,
				FD75979F291842F9003C6EE8 /* Post.swift */,
				FD75978429184208003C6EE8 /* StorageService.docc */,
			);
			path = StorageService;
			sourceTree = "<group>";
		};
		FD9536122927D8C000124C16 /* HW_4.3 */ = {
			isa = PBXGroup;
			children = (
				FD9536132927D8F100124C16 /* UserModel.swift */,
				FD9536152927DA6E00124C16 /* UserService.swift */,
			);
			path = HW_4.3;
			sourceTree = "<group>";
		};
		FDC74F17289E8C6A0009604F = {
			isa = PBXGroup;
			children = (
				FDC74F22289E8C6A0009604F /* Navigation */,
				FD75978229184207003C6EE8 /* StorageService */,
				FDC74F21289E8C6A0009604F /* Products */,
			);
			sourceTree = "<group>";
		};
		FDC74F21289E8C6A0009604F /* Products */ = {
			isa = PBXGroup;
			children = (
				FDC74F20289E8C6A0009604F /* Navigation.app */,
				FD75978129184207003C6EE8 /* StorageService.framework */,
			);
			name = Products;
			sourceTree = "<group>";
		};
		FDC74F22289E8C6A0009604F /* Navigation */ = {
			isa = PBXGroup;
			children = (
				FDC74F23289E8C6A0009604F /* AppDelegate.swift */,
				FDC74F25289E8C6A0009604F /* SceneDelegate.swift */,
				FD8F446128ABBF27003041D1 /* FeedViewController.swift */,
				FD9536122927D8C000124C16 /* HW_4.3 */,
				FD1204B428B63169006AE0EE /* Profile */,
				FD8F446328ABC35A003041D1 /* PostViewController.swift */,
				FD863E4128AE666000475D1C /* InfoViewController.swift */,
				FDC74F27289E8C6A0009604F /* ViewController.swift */,
				FDC74F2C289E8C730009604F /* Assets.xcassets */,
				FDC74F2E289E8C730009604F /* LaunchScreen.storyboard */,
				FDC74F31289E8C730009604F /* Info.plist */,
			);
			path = Navigation;
			sourceTree = "<group>";
		};
/* End PBXGroup section */

/* Begin PBXHeadersBuildPhase section */
		FD75977C29184207003C6EE8 /* Headers */ = {
			isa = PBXHeadersBuildPhase;
			buildActionMask = 2147483647;
			files = (
				FD75979329184208003C6EE8 /* StorageService.h in Headers */,
			);
			runOnlyForDeploymentPostprocessing = 0;
		};
/* End PBXHeadersBuildPhase section */

/* Begin PBXNativeTarget section */
		FD75978029184207003C6EE8 /* StorageService */ = {
			isa = PBXNativeTarget;
			buildConfigurationList = FD75979D29184208003C6EE8 /* Build configuration list for PBXNativeTarget "StorageService" */;
			buildPhases = (
				FD75977C29184207003C6EE8 /* Headers */,
				FD75977D29184207003C6EE8 /* Sources */,
				FD75977E29184207003C6EE8 /* Frameworks */,
				FD75977F29184207003C6EE8 /* Resources */,
			);
			buildRules = (
			);
			dependencies = (
			);
			name = StorageService;
			productName = StorageService;
			productReference = FD75978129184207003C6EE8 /* StorageService.framework */;
			productType = "com.apple.product-type.framework";
		};
		FDC74F1F289E8C6A0009604F /* Navigation */ = {
			isa = PBXNativeTarget;
			buildConfigurationList = FDC74F34289E8C730009604F /* Build configuration list for PBXNativeTarget "Navigation" */;
			buildPhases = (
				FDC74F1C289E8C6A0009604F /* Sources */,
				FDC74F1D289E8C6A0009604F /* Frameworks */,
				FDC74F1E289E8C6A0009604F /* Resources */,
				FD75979829184208003C6EE8 /* Embed Frameworks */,
			);
			buildRules = (
			);
			dependencies = (
				FD75979529184208003C6EE8 /* PBXTargetDependency */,
			);
			name = Navigation;
			productName = Navigation;
			productReference = FDC74F20289E8C6A0009604F /* Navigation.app */;
			productType = "com.apple.product-type.application";
		};
/* End PBXNativeTarget section */

/* Begin PBXProject section */
		FDC74F18289E8C6A0009604F /* Project object */ = {
			isa = PBXProject;
			attributes = {
				BuildIndependentTargetsInParallel = 1;
				LastSwiftUpdateCheck = 1340;
				LastUpgradeCheck = 1340;
				ORGANIZATIONNAME = "";
				TargetAttributes = {
					FD75978029184207003C6EE8 = {
						CreatedOnToolsVersion = 13.4.1;
					};
					FDC74F1F289E8C6A0009604F = {
						CreatedOnToolsVersion = 13.4.1;
					};
				};
			};
			buildConfigurationList = FDC74F1B289E8C6A0009604F /* Build configuration list for PBXProject "Navigation" */;
			compatibilityVersion = "Xcode 13.0";
			developmentRegion = en;
			hasScannedForEncodings = 0;
			knownRegions = (
				en,
				Base,
			);
			mainGroup = FDC74F17289E8C6A0009604F;
			productRefGroup = FDC74F21289E8C6A0009604F /* Products */;
			projectDirPath = "";
			projectRoot = "";
			targets = (
				FDC74F1F289E8C6A0009604F /* Navigation */,
				FD75978029184207003C6EE8 /* StorageService */,
			);
		};
/* End PBXProject section */

/* Begin PBXResourcesBuildPhase section */
		FD75977F29184207003C6EE8 /* Resources */ = {
			isa = PBXResourcesBuildPhase;
			buildActionMask = 2147483647;
			files = (
			);
			runOnlyForDeploymentPostprocessing = 0;
		};
		FDC74F1E289E8C6A0009604F /* Resources */ = {
			isa = PBXResourcesBuildPhase;
			buildActionMask = 2147483647;
			files = (
				FDC74F30289E8C730009604F /* LaunchScreen.storyboard in Resources */,
				FDC74F2D289E8C730009604F /* Assets.xcassets in Resources */,
			);
			runOnlyForDeploymentPostprocessing = 0;
		};
/* End PBXResourcesBuildPhase section */

/* Begin PBXSourcesBuildPhase section */
		FD75977D29184207003C6EE8 /* Sources */ = {
			isa = PBXSourcesBuildPhase;
			buildActionMask = 2147483647;
			files = (
				FD75978529184208003C6EE8 /* StorageService.docc in Sources */,
				FD7597A0291842F9003C6EE8 /* Post.swift in Sources */,
			);
			runOnlyForDeploymentPostprocessing = 0;
		};
		FDC74F1C289E8C6A0009604F /* Sources */ = {
			isa = PBXSourcesBuildPhase;
			buildActionMask = 2147483647;
			files = (
				FDFA765B28E894C000BA8CF8 /* PhotosTableViewCell.swift in Sources */,
				FD16BA5828ECC2E90086D211 /* PhotosViewController.swift in Sources */,
				FDD9828828CB34E30076D9B5 /* PostTableViewCell.swift in Sources */,
				FD8F446228ABBF27003041D1 /* FeedViewController.swift in Sources */,
				FDC74F28289E8C6A0009604F /* ViewController.swift in Sources */,
				FD37152728C752B800616C30 /* LogInViewController.swift in Sources */,
				FD863E4228AE666000475D1C /* InfoViewController.swift in Sources */,
				FDC74F24289E8C6A0009604F /* AppDelegate.swift in Sources */,
				FD9536142927D8F100124C16 /* UserModel.swift in Sources */,
				FDB41F8628EF2E390071B88D /* CustomPhotoCell.swift in Sources */,
				FD8F446428ABC35A003041D1 /* PostViewController.swift in Sources */,
				FD9536162927DA6E00124C16 /* UserService.swift in Sources */,
				FD1204B828B6320C006AE0EE /* ProfileViewController.swift in Sources */,
				FDC74F26289E8C6A0009604F /* SceneDelegate.swift in Sources */,
				FD1204B628B6318F006AE0EE /* ProfileTableHederView.swift in Sources */,
			);
			runOnlyForDeploymentPostprocessing = 0;
		};
/* End PBXSourcesBuildPhase section */

/* Begin PBXTargetDependency section */
		FD75979529184208003C6EE8 /* PBXTargetDependency */ = {
			isa = PBXTargetDependency;
			target = FD75978029184207003C6EE8 /* StorageService */;
			targetProxy = FD75979429184208003C6EE8 /* PBXContainerItemProxy */;
		};
/* End PBXTargetDependency section */

/* Begin PBXVariantGroup section */
		FDC74F2E289E8C730009604F /* LaunchScreen.storyboard */ = {
			isa = PBXVariantGroup;
			children = (
				FDC74F2F289E8C730009604F /* Base */,
			);
			name = LaunchScreen.storyboard;
			sourceTree = "<group>";
		};
/* End PBXVariantGroup section */

/* Begin XCBuildConfiguration section */
		FD75979929184208003C6EE8 /* Debug */ = {
			isa = XCBuildConfiguration;
			buildSettings = {
				CODE_SIGN_STYLE = Automatic;
				CURRENT_PROJECT_VERSION = 1;
				DEFINES_MODULE = YES;
				DEVELOPMENT_TEAM = W7WF789KDX;
				DYLIB_COMPATIBILITY_VERSION = 1;
				DYLIB_CURRENT_VERSION = 1;
				DYLIB_INSTALL_NAME_BASE = "@rpath";
				GENERATE_INFOPLIST_FILE = YES;
				INFOPLIST_KEY_NSHumanReadableCopyright = "";
				INSTALL_PATH = "$(LOCAL_LIBRARY_DIR)/Frameworks";
				LD_RUNPATH_SEARCH_PATHS = (
					"$(inherited)",
					"@executable_path/Frameworks",
					"@loader_path/Frameworks",
				);
				MARKETING_VERSION = 1.0;
				PRODUCT_BUNDLE_IDENTIFIER = lnklkvkn.StorageService;
				PRODUCT_NAME = "$(TARGET_NAME:c99extidentifier)";
				SKIP_INSTALL = YES;
				SUPPORTS_MACCATALYST = NO;
				SWIFT_EMIT_LOC_STRINGS = YES;
				SWIFT_VERSION = 5.0;
				TARGETED_DEVICE_FAMILY = "1,2";
				VERSIONING_SYSTEM = "apple-generic";
				VERSION_INFO_PREFIX = "";
			};
			name = Debug;
		};
		FD75979A29184208003C6EE8 /* Release */ = {
			isa = XCBuildConfiguration;
			buildSettings = {
				CODE_SIGN_STYLE = Automatic;
				CURRENT_PROJECT_VERSION = 1;
				DEFINES_MODULE = YES;
				DEVELOPMENT_TEAM = W7WF789KDX;
				DYLIB_COMPATIBILITY_VERSION = 1;
				DYLIB_CURRENT_VERSION = 1;
				DYLIB_INSTALL_NAME_BASE = "@rpath";
				GENERATE_INFOPLIST_FILE = YES;
				INFOPLIST_KEY_NSHumanReadableCopyright = "";
				INSTALL_PATH = "$(LOCAL_LIBRARY_DIR)/Frameworks";
				LD_RUNPATH_SEARCH_PATHS = (
					"$(inherited)",
					"@executable_path/Frameworks",
					"@loader_path/Frameworks",
				);
				MARKETING_VERSION = 1.0;
				PRODUCT_BUNDLE_IDENTIFIER = lnklkvkn.StorageService;
				PRODUCT_NAME = "$(TARGET_NAME:c99extidentifier)";
				SKIP_INSTALL = YES;
				SUPPORTS_MACCATALYST = NO;
				SWIFT_EMIT_LOC_STRINGS = YES;
				SWIFT_VERSION = 5.0;
				TARGETED_DEVICE_FAMILY = "1,2";
				VERSIONING_SYSTEM = "apple-generic";
				VERSION_INFO_PREFIX = "";
			};
			name = Release;
		};
		FDC74F32289E8C730009604F /* Debug */ = {
			isa = XCBuildConfiguration;
			buildSettings = {
				ALWAYS_SEARCH_USER_PATHS = NO;
				CLANG_ANALYZER_NONNULL = YES;
				CLANG_ANALYZER_NUMBER_OBJECT_CONVERSION = YES_AGGRESSIVE;
				CLANG_CXX_LANGUAGE_STANDARD = "gnu++17";
				CLANG_ENABLE_MODULES = YES;
				CLANG_ENABLE_OBJC_ARC = YES;
				CLANG_ENABLE_OBJC_WEAK = YES;
				CLANG_WARN_BLOCK_CAPTURE_AUTORELEASING = YES;
				CLANG_WARN_BOOL_CONVERSION = YES;
				CLANG_WARN_COMMA = YES;
				CLANG_WARN_CONSTANT_CONVERSION = YES;
				CLANG_WARN_DEPRECATED_OBJC_IMPLEMENTATIONS = YES;
				CLANG_WARN_DIRECT_OBJC_ISA_USAGE = YES_ERROR;
				CLANG_WARN_DOCUMENTATION_COMMENTS = YES;
				CLANG_WARN_EMPTY_BODY = YES;
				CLANG_WARN_ENUM_CONVERSION = YES;
				CLANG_WARN_INFINITE_RECURSION = YES;
				CLANG_WARN_INT_CONVERSION = YES;
				CLANG_WARN_NON_LITERAL_NULL_CONVERSION = YES;
				CLANG_WARN_OBJC_IMPLICIT_RETAIN_SELF = YES;
				CLANG_WARN_OBJC_LITERAL_CONVERSION = YES;
				CLANG_WARN_OBJC_ROOT_CLASS = YES_ERROR;
				CLANG_WARN_QUOTED_INCLUDE_IN_FRAMEWORK_HEADER = YES;
				CLANG_WARN_RANGE_LOOP_ANALYSIS = YES;
				CLANG_WARN_STRICT_PROTOTYPES = YES;
				CLANG_WARN_SUSPICIOUS_MOVE = YES;
				CLANG_WARN_UNGUARDED_AVAILABILITY = YES_AGGRESSIVE;
				CLANG_WARN_UNREACHABLE_CODE = YES;
				CLANG_WARN__DUPLICATE_METHOD_MATCH = YES;
				COPY_PHASE_STRIP = NO;
				DEBUG_INFORMATION_FORMAT = dwarf;
				ENABLE_STRICT_OBJC_MSGSEND = YES;
				ENABLE_TESTABILITY = YES;
				GCC_C_LANGUAGE_STANDARD = gnu11;
				GCC_DYNAMIC_NO_PIC = NO;
				GCC_NO_COMMON_BLOCKS = YES;
				GCC_OPTIMIZATION_LEVEL = 0;
				GCC_PREPROCESSOR_DEFINITIONS = (
					"DEBUG=1",
					"$(inherited)",
				);
				GCC_WARN_64_TO_32_BIT_CONVERSION = YES;
				GCC_WARN_ABOUT_RETURN_TYPE = YES_ERROR;
				GCC_WARN_UNDECLARED_SELECTOR = YES;
				GCC_WARN_UNINITIALIZED_AUTOS = YES_AGGRESSIVE;
				GCC_WARN_UNUSED_FUNCTION = YES;
				GCC_WARN_UNUSED_VARIABLE = YES;
				IPHONEOS_DEPLOYMENT_TARGET = 15.5;
				MTL_ENABLE_DEBUG_INFO = INCLUDE_SOURCE;
				MTL_FAST_MATH = YES;
				ONLY_ACTIVE_ARCH = YES;
				SDKROOT = iphoneos;
				SWIFT_ACTIVE_COMPILATION_CONDITIONS = DEBUG;
				SWIFT_OPTIMIZATION_LEVEL = "-Onone";
			};
			name = Debug;
		};
		FDC74F33289E8C730009604F /* Release */ = {
			isa = XCBuildConfiguration;
			buildSettings = {
				ALWAYS_SEARCH_USER_PATHS = NO;
				CLANG_ANALYZER_NONNULL = YES;
				CLANG_ANALYZER_NUMBER_OBJECT_CONVERSION = YES_AGGRESSIVE;
				CLANG_CXX_LANGUAGE_STANDARD = "gnu++17";
				CLANG_ENABLE_MODULES = YES;
				CLANG_ENABLE_OBJC_ARC = YES;
				CLANG_ENABLE_OBJC_WEAK = YES;
				CLANG_WARN_BLOCK_CAPTURE_AUTORELEASING = YES;
				CLANG_WARN_BOOL_CONVERSION = YES;
				CLANG_WARN_COMMA = YES;
				CLANG_WARN_CONSTANT_CONVERSION = YES;
				CLANG_WARN_DEPRECATED_OBJC_IMPLEMENTATIONS = YES;
				CLANG_WARN_DIRECT_OBJC_ISA_USAGE = YES_ERROR;
				CLANG_WARN_DOCUMENTATION_COMMENTS = YES;
				CLANG_WARN_EMPTY_BODY = YES;
				CLANG_WARN_ENUM_CONVERSION = YES;
				CLANG_WARN_INFINITE_RECURSION = YES;
				CLANG_WARN_INT_CONVERSION = YES;
				CLANG_WARN_NON_LITERAL_NULL_CONVERSION = YES;
				CLANG_WARN_OBJC_IMPLICIT_RETAIN_SELF = YES;
				CLANG_WARN_OBJC_LITERAL_CONVERSION = YES;
				CLANG_WARN_OBJC_ROOT_CLASS = YES_ERROR;
				CLANG_WARN_QUOTED_INCLUDE_IN_FRAMEWORK_HEADER = YES;
				CLANG_WARN_RANGE_LOOP_ANALYSIS = YES;
				CLANG_WARN_STRICT_PROTOTYPES = YES;
				CLANG_WARN_SUSPICIOUS_MOVE = YES;
				CLANG_WARN_UNGUARDED_AVAILABILITY = YES_AGGRESSIVE;
				CLANG_WARN_UNREACHABLE_CODE = YES;
				CLANG_WARN__DUPLICATE_METHOD_MATCH = YES;
				COPY_PHASE_STRIP = NO;
				DEBUG_INFORMATION_FORMAT = "dwarf-with-dsym";
				ENABLE_NS_ASSERTIONS = NO;
				ENABLE_STRICT_OBJC_MSGSEND = YES;
				GCC_C_LANGUAGE_STANDARD = gnu11;
				GCC_NO_COMMON_BLOCKS = YES;
				GCC_WARN_64_TO_32_BIT_CONVERSION = YES;
				GCC_WARN_ABOUT_RETURN_TYPE = YES_ERROR;
				GCC_WARN_UNDECLARED_SELECTOR = YES;
				GCC_WARN_UNINITIALIZED_AUTOS = YES_AGGRESSIVE;
				GCC_WARN_UNUSED_FUNCTION = YES;
				GCC_WARN_UNUSED_VARIABLE = YES;
				IPHONEOS_DEPLOYMENT_TARGET = 15.5;
				MTL_ENABLE_DEBUG_INFO = NO;
				MTL_FAST_MATH = YES;
				SDKROOT = iphoneos;
				SWIFT_COMPILATION_MODE = wholemodule;
				SWIFT_OPTIMIZATION_LEVEL = "-O";
				VALIDATE_PRODUCT = YES;
			};
			name = Release;
		};
		FDC74F35289E8C730009604F /* Debug */ = {
			isa = XCBuildConfiguration;
			buildSettings = {
				ALWAYS_EMBED_SWIFT_STANDARD_LIBRARIES = YES;
				ASSETCATALOG_COMPILER_APPICON_NAME = AppIcon;
				ASSETCATALOG_COMPILER_GLOBAL_ACCENT_COLOR_NAME = AccentColor;
				CODE_SIGN_STYLE = Automatic;
				CURRENT_PROJECT_VERSION = 1;
				DEVELOPMENT_TEAM = W7WF789KDX;
				GENERATE_INFOPLIST_FILE = YES;
				INFOPLIST_FILE = Navigation/Info.plist;
				INFOPLIST_KEY_UIApplicationSupportsIndirectInputEvents = YES;
				INFOPLIST_KEY_UILaunchStoryboardName = LaunchScreen;
				INFOPLIST_KEY_UISupportedInterfaceOrientations_iPad = "UIInterfaceOrientationPortrait UIInterfaceOrientationPortraitUpsideDown UIInterfaceOrientationLandscapeLeft UIInterfaceOrientationLandscapeRight";
				INFOPLIST_KEY_UISupportedInterfaceOrientations_iPhone = "UIInterfaceOrientationPortrait UIInterfaceOrientationLandscapeLeft UIInterfaceOrientationLandscapeRight";
				LD_RUNPATH_SEARCH_PATHS = (
					"$(inherited)",
					"@executable_path/Frameworks",
				);
				MARKETING_VERSION = 1.0;
				PRODUCT_BUNDLE_IDENTIFIER = lnklkvkn.Navigation;
				PRODUCT_NAME = "$(TARGET_NAME)";
				SWIFT_EMIT_LOC_STRINGS = YES;
				SWIFT_VERSION = 5.0;
				TARGETED_DEVICE_FAMILY = "1,2";
			};
			name = Debug;
		};
		FDC74F36289E8C730009604F /* Release */ = {
			isa = XCBuildConfiguration;
			buildSettings = {
				ALWAYS_EMBED_SWIFT_STANDARD_LIBRARIES = YES;
				ASSETCATALOG_COMPILER_APPICON_NAME = AppIcon;
				ASSETCATALOG_COMPILER_GLOBAL_ACCENT_COLOR_NAME = AccentColor;
				CODE_SIGN_STYLE = Automatic;
				CURRENT_PROJECT_VERSION = 1;
				DEVELOPMENT_TEAM = W7WF789KDX;
				GENERATE_INFOPLIST_FILE = YES;
				INFOPLIST_FILE = Navigation/Info.plist;
				INFOPLIST_KEY_UIApplicationSupportsIndirectInputEvents = YES;
				INFOPLIST_KEY_UILaunchStoryboardName = LaunchScreen;
				INFOPLIST_KEY_UISupportedInterfaceOrientations_iPad = "UIInterfaceOrientationPortrait UIInterfaceOrientationPortraitUpsideDown UIInterfaceOrientationLandscapeLeft UIInterfaceOrientationLandscapeRight";
				INFOPLIST_KEY_UISupportedInterfaceOrientations_iPhone = "UIInterfaceOrientationPortrait UIInterfaceOrientationLandscapeLeft UIInterfaceOrientationLandscapeRight";
				LD_RUNPATH_SEARCH_PATHS = (
					"$(inherited)",
					"@executable_path/Frameworks",
				);
				MARKETING_VERSION = 1.0;
				PRODUCT_BUNDLE_IDENTIFIER = lnklkvkn.Navigation;
				PRODUCT_NAME = "$(TARGET_NAME)";
				SWIFT_EMIT_LOC_STRINGS = YES;
				SWIFT_VERSION = 5.0;
				TARGETED_DEVICE_FAMILY = "1,2";
			};
			name = Release;
		};
/* End XCBuildConfiguration section */

/* Begin XCConfigurationList section */
		FD75979D29184208003C6EE8 /* Build configuration list for PBXNativeTarget "StorageService" */ = {
			isa = XCConfigurationList;
			buildConfigurations = (
				FD75979929184208003C6EE8 /* Debug */,
				FD75979A29184208003C6EE8 /* Release */,
			);
			defaultConfigurationIsVisible = 0;
			defaultConfigurationName = Release;
		};
		FDC74F1B289E8C6A0009604F /* Build configuration list for PBXProject "Navigation" */ = {
			isa = XCConfigurationList;
			buildConfigurations = (
				FDC74F32289E8C730009604F /* Debug */,
				FDC74F33289E8C730009604F /* Release */,
			);
			defaultConfigurationIsVisible = 0;
			defaultConfigurationName = Release;
		};
		FDC74F34289E8C730009604F /* Build configuration list for PBXNativeTarget "Navigation" */ = {
			isa = XCConfigurationList;
			buildConfigurations = (
				FDC74F35289E8C730009604F /* Debug */,
				FDC74F36289E8C730009604F /* Release */,
			);
			defaultConfigurationIsVisible = 0;
			defaultConfigurationName = Release;
		};
/* End XCConfigurationList section */
	};
	rootObject = FDC74F18289E8C6A0009604F /* Project object */;
}
